
Microsoft Visual Studio Solution File, Format Version 12.00
# Visual Studio 15
VisualStudioVersion = 15.0.28307.779
MinimumVisualStudioVersion = 10.0.40219.1
Project("{FAE04EC0-301F-11D3-BF4B-00C04F79EFBC}") = "RWBYRemnantCE", "RWBYRemnantCE\RWBYRemnantCE.csproj", "{D24FBA6B-3E15-47D2-8675-D3A5B28EE038}"
EndProject
Global
	GlobalSection(SolutionConfigurationPlatforms) = preSolution
		Debug|Any CPU = Debug|Any CPU
		Release|Any CPU = Release|Any CPU
	EndGlobalSection
	GlobalSection(ProjectConfigurationPlatforms) = postSolution
		{D24FBA6B-3E15-47D2-8675-D3A5B28EE038}.Debug|Any CPU.ActiveCfg = Debug|Any CPU
		{D24FBA6B-3E15-47D2-8675-D3A5B28EE038}.Debug|Any CPU.Build.0 = Debug|Any CPU
		{D24FBA6B-3E15-47D2-8675-D3A5B28EE038}.Release|Any CPU.ActiveCfg = Release|Any CPU
		{D24FBA6B-3E15-47D2-8675-D3A5B28EE038}.Release|Any CPU.Build.0 = Release|Any CPU
	EndGlobalSection
	GlobalSection(SolutionProperties) = preSolution
		HideSolutionNode = FALSE
	EndGlobalSection
	GlobalSection(ExtensibilityGlobals) = postSolution
		SolutionGuid = {C82D3F1F-F619-4A7D-9DBA-24B06BB2A29F}
	EndGlobalSection
EndGlobal
